Microsoft Visual Studio Solution File, Format Version 12.00
Project("{FAE04EC0-301F-11D3-BF4B-00C04F79EFBC}") = "Mumei.DependencyInjection", "src\Mumei.DependencyInjection\Mumei.DependencyInjection.csproj", "{2E5CEC39-AEC3-4D55-9105-93C9B0E24C94}"
EndProject
Project("{FAE04EC0-301F-11D3-BF4B-00C04F79EFBC}") = "Mumei.CodeGen.Tests", "test\Mumei.CodeGen.Tests\Mumei.CodeGen.Tests.csproj", "{DD328314-3F55-4304-BC0E-A1938F1F6C81}"
EndProject
Project("{FAE04EC0-301F-11D3-BF4B-00C04F79EFBC}") = "Mumei.CodeGen", "src\Mumei.CodeGen\Mumei.CodeGen.csproj", "{E54B335C-4B8E-4932-8250-871B915E702B}"
EndProject
Project("{FAE04EC0-301F-11D3-BF4B-00C04F79EFBC}") = "Mumei.DependencyInjection.Playground", "src\Mumei.DependencyInjection.Playground\Mumei.DependencyInjection.Playground.csproj", "{CD228734-1006-4BD5-B3A2-5C71D7529696}"
EndProject
Project("{FAE04EC0-301F-11D3-BF4B-00C04F79EFBC}") = "Mumei.DependencyInjection.Tests", "test\Mumei.DependencyInjection.Tests\Mumei.DependencyInjection.Tests.csproj", "{56A59D0F-16CA-4378-A608-8DB898734F64}"
EndProject
Project("{FAE04EC0-301F-11D3-BF4B-00C04F79EFBC}") = "Mumei.Roslyn", "src\Mumei.Roslyn\Mumei.Roslyn.csproj", "{52CFB02B-3B1A-495E-AE02-F59155ECF7DD}"
EndProject
Project("{FAE04EC0-301F-11D3-BF4B-00C04F79EFBC}") = "Mumei.Roslyn.Tests", "test\Mumei.Roslyn.Tests\Mumei.Roslyn.Tests.csproj", "{013D3076-B19F-4637-BC36-39CACD141755}"
EndProject
Project("{FAE04EC0-301F-11D3-BF4B-00C04F79EFBC}") = "Mumei.Common", "src\Mumei.Common\Mumei.Common.csproj", "{92B22F06-3E50-4825-93E7-BACD438D0D59}"
EndProject
Project("{FAE04EC0-301F-11D3-BF4B-00C04F79EFBC}") = "Mumei.Common.Tests", "test\Mumei.Common.Tests\Mumei.Common.Tests.csproj", "{06234A02-2538-4CE7-A03A-341DF8F55827}"
EndProject
Project("{FAE04EC0-301F-11D3-BF4B-00C04F79EFBC}") = "Mumei.Roslyn.Testing", "test\Mumei.Roslyn.Testing\Mumei.Roslyn.Testing.csproj", "{ABD444D8-D357-4FA6-98D6-7EC52E31F51D}"
EndProject
Project("{FAE04EC0-301F-11D3-BF4B-00C04F79EFBC}") = "Mumei.AspNetCore", "src\Mumei.AspNetCore\Mumei.AspNetCore.csproj", "{2B07E724-936E-4F01-BA8B-B2036244CCE8}"
EndProject
Project("{FAE04EC0-301F-11D3-BF4B-00C04F79EFBC}") = "Mumei.AspNetCore.Common", "src\Mumei.AspNetCore.Common\Mumei.AspNetCore.Common.csproj", "{9D01E18D-A8E3-4B45-99FD-49A17FC5B7F6}"
EndProject
Project("{FAE04EC0-301F-11D3-BF4B-00C04F79EFBC}") = "Mumei.Playground.SimpleApplication", "src\Mumei.Playground.SimpleApplication\Mumei.Playground.SimpleApplication.csproj", "{FAC6F7E4-4C02-4388-BAD9-91B3D7ECFAD1}"
EndProject
Project("{2150E333-8FDC-42A3-9474-1A3956D46DE8}") = "Playground", "Playground", "{F2800B3D-A01D-4716-94DB-C6DC19630B58}"
EndProject
Project("{FAE04EC0-301F-11D3-BF4B-00C04F79EFBC}") = "Mumei.Playground.CleanArchitectureApplication", "src/Mumei.Playground.CleanArchitectureApplication\Mumei.Playground.CleanArchitectureApplication.csproj", "{83C638DC-6D7D-4BD9-9473-D81F1FD58F33}"
EndProject
Project("{FAE04EC0-301F-11D3-BF4B-00C04F79EFBC}") = "Mumei.DependencyInjection.ServiceCollectionInterOpt", "src\Mumei.DependencyInjection.ServiceCollectionInterOpt\Mumei.DependencyInjection.ServiceCollectionInterOpt.csproj", "{89C0F256-EDD2-4A07-A67F-6505FB0B09D5}"
EndProject
Project("{FAE04EC0-301F-11D3-BF4B-00C04F79EFBC}") = "Mumei.DependencyInjection.Roslyn", "src\Mumei.DependencyInjection.Roslyn\Mumei.DependencyInjection.Roslyn.csproj", "{E630449C-D008-4184-9981-46FE8B93380E}"
EndProject
Project("{FAE04EC0-301F-11D3-BF4B-00C04F79EFBC}") = "Mumei.DependencyInjection.Roslyn.Tests", "test\Mumei.DependencyInjection.Roslyn.Tests\Mumei.DependencyInjection.Roslyn.Tests.csproj", "{8B8774E4-C158-4238-95E7-2BDEC737994D}"
EndProject
Global
	GlobalSection(SolutionConfigurationPlatforms) = preSolution
		Debug|Any CPU = Debug|Any CPU
		Release|Any CPU = Release|Any CPU
	EndGlobalSection
	GlobalSection(ProjectConfigurationPlatforms) = postSolution
		{2E5CEC39-AEC3-4D55-9105-93C9B0E24C94}.Debug|Any CPU.ActiveCfg = Debug|Any CPU
		{2E5CEC39-AEC3-4D55-9105-93C9B0E24C94}.Debug|Any CPU.Build.0 = Debug|Any CPU
		{2E5CEC39-AEC3-4D55-9105-93C9B0E24C94}.Release|Any CPU.ActiveCfg = Release|Any CPU
		{2E5CEC39-AEC3-4D55-9105-93C9B0E24C94}.Release|Any CPU.Build.0 = Release|Any CPU
		{DD328314-3F55-4304-BC0E-A1938F1F6C81}.Debug|Any CPU.ActiveCfg = Debug|Any CPU
		{DD328314-3F55-4304-BC0E-A1938F1F6C81}.Debug|Any CPU.Build.0 = Debug|Any CPU
		{DD328314-3F55-4304-BC0E-A1938F1F6C81}.Release|Any CPU.ActiveCfg = Release|Any CPU
		{DD328314-3F55-4304-BC0E-A1938F1F6C81}.Release|Any CPU.Build.0 = Release|Any CPU
		{E54B335C-4B8E-4932-8250-871B915E702B}.Debug|Any CPU.ActiveCfg = Debug|Any CPU
		{E54B335C-4B8E-4932-8250-871B915E702B}.Debug|Any CPU.Build.0 = Debug|Any CPU
		{E54B335C-4B8E-4932-8250-871B915E702B}.Release|Any CPU.ActiveCfg = Release|Any CPU
		{E54B335C-4B8E-4932-8250-871B915E702B}.Release|Any CPU.Build.0 = Release|Any CPU
		{CD228734-1006-4BD5-B3A2-5C71D7529696}.Debug|Any CPU.ActiveCfg = Debug|Any CPU
		{CD228734-1006-4BD5-B3A2-5C71D7529696}.Debug|Any CPU.Build.0 = Debug|Any CPU
		{CD228734-1006-4BD5-B3A2-5C71D7529696}.Release|Any CPU.ActiveCfg = Release|Any CPU
		{CD228734-1006-4BD5-B3A2-5C71D7529696}.Release|Any CPU.Build.0 = Release|Any CPU
		{56A59D0F-16CA-4378-A608-8DB898734F64}.Debug|Any CPU.ActiveCfg = Debug|Any CPU
		{56A59D0F-16CA-4378-A608-8DB898734F64}.Debug|Any CPU.Build.0 = Debug|Any CPU
		{56A59D0F-16CA-4378-A608-8DB898734F64}.Release|Any CPU.ActiveCfg = Release|Any CPU
		{56A59D0F-16CA-4378-A608-8DB898734F64}.Release|Any CPU.Build.0 = Release|Any CPU
		{52CFB02B-3B1A-495E-AE02-F59155ECF7DD}.Debug|Any CPU.ActiveCfg = Debug|Any CPU
		{52CFB02B-3B1A-495E-AE02-F59155ECF7DD}.Debug|Any CPU.Build.0 = Debug|Any CPU
		{52CFB02B-3B1A-495E-AE02-F59155ECF7DD}.Release|Any CPU.ActiveCfg = Release|Any CPU
		{52CFB02B-3B1A-495E-AE02-F59155ECF7DD}.Release|Any CPU.Build.0 = Release|Any CPU
		{013D3076-B19F-4637-BC36-39CACD141755}.Debug|Any CPU.ActiveCfg = Debug|Any CPU
		{013D3076-B19F-4637-BC36-39CACD141755}.Debug|Any CPU.Build.0 = Debug|Any CPU
		{013D3076-B19F-4637-BC36-39CACD141755}.Release|Any CPU.ActiveCfg = Release|Any CPU
		{013D3076-B19F-4637-BC36-39CACD141755}.Release|Any CPU.Build.0 = Release|Any CPU
		{92B22F06-3E50-4825-93E7-BACD438D0D59}.Debug|Any CPU.ActiveCfg = Debug|Any CPU
		{92B22F06-3E50-4825-93E7-BACD438D0D59}.Debug|Any CPU.Build.0 = Debug|Any CPU
		{92B22F06-3E50-4825-93E7-BACD438D0D59}.Release|Any CPU.ActiveCfg = Release|Any CPU
		{92B22F06-3E50-4825-93E7-BACD438D0D59}.Release|Any CPU.Build.0 = Release|Any CPU
		{06234A02-2538-4CE7-A03A-341DF8F55827}.Debug|Any CPU.ActiveCfg = Debug|Any CPU
		{06234A02-2538-4CE7-A03A-341DF8F55827}.Debug|Any CPU.Build.0 = Debug|Any CPU
		{06234A02-2538-4CE7-A03A-341DF8F55827}.Release|Any CPU.ActiveCfg = Release|Any CPU
		{06234A02-2538-4CE7-A03A-341DF8F55827}.Release|Any CPU.Build.0 = Release|Any CPU
		{ABD444D8-D357-4FA6-98D6-7EC52E31F51D}.Debug|Any CPU.ActiveCfg = Debug|Any CPU
		{ABD444D8-D357-4FA6-98D6-7EC52E31F51D}.Debug|Any CPU.Build.0 = Debug|Any CPU
		{ABD444D8-D357-4FA6-98D6-7EC52E31F51D}.Release|Any CPU.ActiveCfg = Release|Any CPU
		{ABD444D8-D357-4FA6-98D6-7EC52E31F51D}.Release|Any CPU.Build.0 = Release|Any CPU
		{2B07E724-936E-4F01-BA8B-B2036244CCE8}.Debug|Any CPU.ActiveCfg = Debug|Any CPU
		{2B07E724-936E-4F01-BA8B-B2036244CCE8}.Debug|Any CPU.Build.0 = Debug|Any CPU
		{2B07E724-936E-4F01-BA8B-B2036244CCE8}.Release|Any CPU.ActiveCfg = Release|Any CPU
		{2B07E724-936E-4F01-BA8B-B2036244CCE8}.Release|Any CPU.Build.0 = Release|Any CPU
		{9D01E18D-A8E3-4B45-99FD-49A17FC5B7F6}.Debug|Any CPU.ActiveCfg = Debug|Any CPU
		{9D01E18D-A8E3-4B45-99FD-49A17FC5B7F6}.Debug|Any CPU.Build.0 = Debug|Any CPU
		{9D01E18D-A8E3-4B45-99FD-49A17FC5B7F6}.Release|Any CPU.ActiveCfg = Release|Any CPU
		{9D01E18D-A8E3-4B45-99FD-49A17FC5B7F6}.Release|Any CPU.Build.0 = Release|Any CPU
		{FAC6F7E4-4C02-4388-BAD9-91B3D7ECFAD1}.Debug|Any CPU.ActiveCfg = Debug|Any CPU
		{FAC6F7E4-4C02-4388-BAD9-91B3D7ECFAD1}.Debug|Any CPU.Build.0 = Debug|Any CPU
		{FAC6F7E4-4C02-4388-BAD9-91B3D7ECFAD1}.Release|Any CPU.ActiveCfg = Release|Any CPU
		{FAC6F7E4-4C02-4388-BAD9-91B3D7ECFAD1}.Release|Any CPU.Build.0 = Release|Any CPU
		{83C638DC-6D7D-4BD9-9473-D81F1FD58F33}.Debug|Any CPU.ActiveCfg = Debug|Any CPU
		{83C638DC-6D7D-4BD9-9473-D81F1FD58F33}.Debug|Any CPU.Build.0 = Debug|Any CPU
		{83C638DC-6D7D-4BD9-9473-D81F1FD58F33}.Release|Any CPU.ActiveCfg = Release|Any CPU
		{83C638DC-6D7D-4BD9-9473-D81F1FD58F33}.Release|Any CPU.Build.0 = Release|Any CPU
		{89C0F256-EDD2-4A07-A67F-6505FB0B09D5}.Debug|Any CPU.ActiveCfg = Debug|Any CPU
		{89C0F256-EDD2-4A07-A67F-6505FB0B09D5}.Debug|Any CPU.Build.0 = Debug|Any CPU
		{89C0F256-EDD2-4A07-A67F-6505FB0B09D5}.Release|Any CPU.ActiveCfg = Release|Any CPU
		{89C0F256-EDD2-4A07-A67F-6505FB0B09D5}.Release|Any CPU.Build.0 = Release|Any CPU
		{E630449C-D008-4184-9981-46FE8B93380E}.Debug|Any CPU.ActiveCfg = Debug|Any CPU
		{E630449C-D008-4184-9981-46FE8B93380E}.Debug|Any CPU.Build.0 = Debug|Any CPU
		{E630449C-D008-4184-9981-46FE8B93380E}.Release|Any CPU.ActiveCfg = Release|Any CPU
		{E630449C-D008-4184-9981-46FE8B93380E}.Release|Any CPU.Build.0 = Release|Any CPU
		{8B8774E4-C158-4238-95E7-2BDEC737994D}.Debug|Any CPU.ActiveCfg = Debug|Any CPU
		{8B8774E4-C158-4238-95E7-2BDEC737994D}.Debug|Any CPU.Build.0 = Debug|Any CPU
		{8B8774E4-C158-4238-95E7-2BDEC737994D}.Release|Any CPU.ActiveCfg = Release|Any CPU
		{8B8774E4-C158-4238-95E7-2BDEC737994D}.Release|Any CPU.Build.0 = Release|Any CPU
	EndGlobalSection
	GlobalSection(NestedProjects) = preSolution
		{FAC6F7E4-4C02-4388-BAD9-91B3D7ECFAD1} = {F2800B3D-A01D-4716-94DB-C6DC19630B58}
		{CD228734-1006-4BD5-B3A2-5C71D7529696} = {F2800B3D-A01D-4716-94DB-C6DC19630B58}
		{83C638DC-6D7D-4BD9-9473-D81F1FD58F33} = {F2800B3D-A01D-4716-94DB-C6DC19630B58}
	EndGlobalSection
EndGlobal
Global
				DefaultTargets = Build
EndGlobal
Section
