Microsoft Visual Studio Solution File, Format Version 12.00
Project("{FAE04EC0-301F-11D3-BF4B-00C04F79EFBC}") = "Mumei.DependencyInjection", "src\Mumei.DependencyInjection\Mumei.DependencyInjection.csproj", "{2E5CEC39-AEC3-4D55-9105-93C9B0E24C94}"
EndProject
Project("{FAE04EC0-301F-11D3-BF4B-00C04F79EFBC}") = "Mumei.DependencyInjection.Playground", "src\Mumei.DependencyInjection.Playground\Mumei.DependencyInjection.Playground.csproj", "{CD228734-1006-4BD5-B3A2-5C71D7529696}"
EndProject
Project("{FAE04EC0-301F-11D3-BF4B-00C04F79EFBC}") = "Mumei.Roslyn.Common.Tests", "test\Mumei.Roslyn.Common.Tests\Mumei.Roslyn.Common.Tests.csproj", "{013D3076-B19F-4637-BC36-39CACD141755}"
EndProject
Project("{FAE04EC0-301F-11D3-BF4B-00C04F79EFBC}") = "Mumei.Roslyn.Testing", "test\Mumei.Roslyn.Testing\Mumei.Roslyn.Testing.csproj", "{ABD444D8-D357-4FA6-98D6-7EC52E31F51D}"
EndProject
Project("{FAE04EC0-301F-11D3-BF4B-00C04F79EFBC}") = "Mumei.AspNetCore", "src\Mumei.AspNetCore\Mumei.AspNetCore.csproj", "{2B07E724-936E-4F01-BA8B-B2036244CCE8}"
EndProject
Project("{FAE04EC0-301F-11D3-BF4B-00C04F79EFBC}") = "Mumei.AspNetCore.Common", "src\Mumei.AspNetCore.Common\Mumei.AspNetCore.Common.csproj", "{9D01E18D-A8E3-4B45-99FD-49A17FC5B7F6}"
EndProject
Project("{FAE04EC0-301F-11D3-BF4B-00C04F79EFBC}") = "Mumei.Playground.SimpleApplication", "src\Mumei.Playground.SimpleApplication\Mumei.Playground.SimpleApplication.csproj", "{FAC6F7E4-4C02-4388-BAD9-91B3D7ECFAD1}"
EndProject
Project("{2150E333-8FDC-42A3-9474-1A3956D46DE8}") = "_Playground", "_Playground", "{F2800B3D-A01D-4716-94DB-C6DC19630B58}"
EndProject
Project("{FAE04EC0-301F-11D3-BF4B-00C04F79EFBC}") = "Mumei.Playground.CleanArchitectureApplication", "src/Mumei.Playground.CleanArchitectureApplication\Mumei.Playground.CleanArchitectureApplication.csproj", "{83C638DC-6D7D-4BD9-9473-D81F1FD58F33}"
EndProject
Project("{FAE04EC0-301F-11D3-BF4B-00C04F79EFBC}") = "Mumei.DependencyInjection.ServiceCollectionInterOpt", "src\Mumei.DependencyInjection.ServiceCollectionInterOpt\Mumei.DependencyInjection.ServiceCollectionInterOpt.csproj", "{89C0F256-EDD2-4A07-A67F-6505FB0B09D5}"
EndProject
Project("{FAE04EC0-301F-11D3-BF4B-00C04F79EFBC}") = "Mumei.DependencyInjection.Roslyn", "src\Mumei.DependencyInjection.Roslyn\Mumei.DependencyInjection.Roslyn.csproj", "{E630449C-D008-4184-9981-46FE8B93380E}"
EndProject
Project("{2150E333-8FDC-42A3-9474-1A3956D46DE8}") = "DependencyInjection", "DependencyInjection", "{A2DB5C8F-AA26-473E-B130-853C060FDD7E}"
EndProject
Project("{2150E333-8FDC-42A3-9474-1A3956D46DE8}") = "CodeGen", "CodeGen", "{E5CA08D7-9C64-496B-B9C9-F38A40398791}"
EndProject
Project("{2150E333-8FDC-42A3-9474-1A3956D46DE8}") = "AspNetCore", "AspNetCore", "{DB294E01-4DB0-416B-81F2-E31ABEE010F9}"
EndProject
Project("{2150E333-8FDC-42A3-9474-1A3956D46DE8}") = "Roslyn", "Roslyn", "{C3E9B770-AAC0-4967-9F34-0FE7BC9D767D}"
EndProject
Project("{FAE04EC0-301F-11D3-BF4B-00C04F79EFBC}") = "Mumei.DependencyInjection.Testing", "src\Mumei.DependencyInjection.Testing\Mumei.DependencyInjection.Testing.csproj", "{215A410C-A15A-4D93-9EB1-8473FC8CCB22}"
EndProject
Project("{FAE04EC0-301F-11D3-BF4B-00C04F79EFBC}") = "Mumei.Roslyn.SourceCodeReferenceGenerator", "src\Mumei.Roslyn.SourceCodeReferenceGenerator\Mumei.Roslyn.SourceCodeReferenceGenerator.csproj", "{07A1921B-7DF8-4D95-9379-4721B6E55669}"
EndProject
Project("{FAE04EC0-301F-11D3-BF4B-00C04F79EFBC}") = "Mumei.CodeGen.Playground", "src\Mumei.CodeGen.Playground\Mumei.CodeGen.Playground.csproj", "{2AD75DE4-FF3E-4A0E-9F93-6327C35357B0}"
EndProject
Project("{FAE04EC0-301F-11D3-BF4B-00C04F79EFBC}") = "Mumei.CodeGen.Qt", "src\Mumei.CodeGen.Qt\Mumei.CodeGen.Qt.csproj", "{8B675231-8AD0-4F13-B649-A27C761C89AC}"
EndProject
Project("{FAE04EC0-301F-11D3-BF4B-00C04F79EFBC}") = "Mumei.CodeGen.Qt.Tests", "test\Mumei.CodeGen.Qt.Tests\Mumei.CodeGen.Qt.Tests.csproj", "{A219C64F-56C8-4A4D-BC40-58434B1BA8F2}"
EndProject
Project("{FAE04EC0-301F-11D3-BF4B-00C04F79EFBC}") = "Mumei.Roslyn.Common", "src\Mumei.Roslyn.Common\Mumei.Roslyn.Common.csproj", "{462AEDB6-757D-46C5-A6D8-79826A311866}"
EndProject
Project("{FAE04EC0-301F-11D3-BF4B-00C04F79EFBC}") = "PolySharpCommon", "src\PolySharpCommon\PolySharpCommon.csproj", "{0A0A7E30-E249-4778-AAB8-1DA96CAEFD71}"
EndProject
Project("{FAE04EC0-301F-11D3-BF4B-00C04F79EFBC}") = "Mumei.CodeGen", "src\Mumei.CodeGen\Mumei.CodeGen.csproj", "{D3B4D38E-95D7-4D1F-B07A-3EE9A86FD3A7}"
EndProject
Project("{FAE04EC0-301F-11D3-BF4B-00C04F79EFBC}") = "Mumei.CodeGen.Tests", "test\Mumei.CodeGen.Tests\Mumei.CodeGen.Tests.csproj", "{65E203EA-6359-4991-B485-1197B503B8DF}"
EndProject
Project("{FAE04EC0-301F-11D3-BF4B-00C04F79EFBC}") = "Mumei.CodeGen.Roslyn", "src\Mumei.CodeGen.Roslyn\Mumei.CodeGen.Roslyn.csproj", "{2478750A-41D6-48EE-8A42-90B12A26612F}"
EndProject
Global
	GlobalSection(SolutionConfigurationPlatforms) = preSolution
		Debug|Any CPU = Debug|Any CPU
		Release|Any CPU = Release|Any CPU
	EndGlobalSection
	GlobalSection(ProjectConfigurationPlatforms) = postSolution
		{2E5CEC39-AEC3-4D55-9105-93C9B0E24C94}.Debug|Any CPU.ActiveCfg = Debug|Any CPU
		{2E5CEC39-AEC3-4D55-9105-93C9B0E24C94}.Debug|Any CPU.Build.0 = Debug|Any CPU
		{2E5CEC39-AEC3-4D55-9105-93C9B0E24C94}.Release|Any CPU.ActiveCfg = Release|Any CPU
		{2E5CEC39-AEC3-4D55-9105-93C9B0E24C94}.Release|Any CPU.Build.0 = Release|Any CPU
		{CD228734-1006-4BD5-B3A2-5C71D7529696}.Debug|Any CPU.ActiveCfg = Debug|Any CPU
		{CD228734-1006-4BD5-B3A2-5C71D7529696}.Debug|Any CPU.Build.0 = Debug|Any CPU
		{CD228734-1006-4BD5-B3A2-5C71D7529696}.Release|Any CPU.ActiveCfg = Release|Any CPU
		{CD228734-1006-4BD5-B3A2-5C71D7529696}.Release|Any CPU.Build.0 = Release|Any CPU
		{013D3076-B19F-4637-BC36-39CACD141755}.Debug|Any CPU.ActiveCfg = Debug|Any CPU
		{013D3076-B19F-4637-BC36-39CACD141755}.Debug|Any CPU.Build.0 = Debug|Any CPU
		{013D3076-B19F-4637-BC36-39CACD141755}.Release|Any CPU.ActiveCfg = Release|Any CPU
		{013D3076-B19F-4637-BC36-39CACD141755}.Release|Any CPU.Build.0 = Release|Any CPU
		{ABD444D8-D357-4FA6-98D6-7EC52E31F51D}.Debug|Any CPU.ActiveCfg = Debug|Any CPU
		{ABD444D8-D357-4FA6-98D6-7EC52E31F51D}.Debug|Any CPU.Build.0 = Debug|Any CPU
		{ABD444D8-D357-4FA6-98D6-7EC52E31F51D}.Release|Any CPU.ActiveCfg = Release|Any CPU
		{ABD444D8-D357-4FA6-98D6-7EC52E31F51D}.Release|Any CPU.Build.0 = Release|Any CPU
		{2B07E724-936E-4F01-BA8B-B2036244CCE8}.Debug|Any CPU.ActiveCfg = Debug|Any CPU
		{2B07E724-936E-4F01-BA8B-B2036244CCE8}.Debug|Any CPU.Build.0 = Debug|Any CPU
		{2B07E724-936E-4F01-BA8B-B2036244CCE8}.Release|Any CPU.ActiveCfg = Release|Any CPU
		{2B07E724-936E-4F01-BA8B-B2036244CCE8}.Release|Any CPU.Build.0 = Release|Any CPU
		{9D01E18D-A8E3-4B45-99FD-49A17FC5B7F6}.Debug|Any CPU.ActiveCfg = Debug|Any CPU
		{9D01E18D-A8E3-4B45-99FD-49A17FC5B7F6}.Debug|Any CPU.Build.0 = Debug|Any CPU
		{9D01E18D-A8E3-4B45-99FD-49A17FC5B7F6}.Release|Any CPU.ActiveCfg = Release|Any CPU
		{9D01E18D-A8E3-4B45-99FD-49A17FC5B7F6}.Release|Any CPU.Build.0 = Release|Any CPU
		{FAC6F7E4-4C02-4388-BAD9-91B3D7ECFAD1}.Debug|Any CPU.ActiveCfg = Debug|Any CPU
		{FAC6F7E4-4C02-4388-BAD9-91B3D7ECFAD1}.Debug|Any CPU.Build.0 = Debug|Any CPU
		{FAC6F7E4-4C02-4388-BAD9-91B3D7ECFAD1}.Release|Any CPU.ActiveCfg = Release|Any CPU
		{FAC6F7E4-4C02-4388-BAD9-91B3D7ECFAD1}.Release|Any CPU.Build.0 = Release|Any CPU
		{83C638DC-6D7D-4BD9-9473-D81F1FD58F33}.Debug|Any CPU.ActiveCfg = Debug|Any CPU
		{83C638DC-6D7D-4BD9-9473-D81F1FD58F33}.Debug|Any CPU.Build.0 = Debug|Any CPU
		{83C638DC-6D7D-4BD9-9473-D81F1FD58F33}.Release|Any CPU.ActiveCfg = Release|Any CPU
		{83C638DC-6D7D-4BD9-9473-D81F1FD58F33}.Release|Any CPU.Build.0 = Release|Any CPU
		{89C0F256-EDD2-4A07-A67F-6505FB0B09D5}.Debug|Any CPU.ActiveCfg = Debug|Any CPU
		{89C0F256-EDD2-4A07-A67F-6505FB0B09D5}.Debug|Any CPU.Build.0 = Debug|Any CPU
		{89C0F256-EDD2-4A07-A67F-6505FB0B09D5}.Release|Any CPU.ActiveCfg = Release|Any CPU
		{89C0F256-EDD2-4A07-A67F-6505FB0B09D5}.Release|Any CPU.Build.0 = Release|Any CPU
		{E630449C-D008-4184-9981-46FE8B93380E}.Debug|Any CPU.ActiveCfg = Debug|Any CPU
		{E630449C-D008-4184-9981-46FE8B93380E}.Debug|Any CPU.Build.0 = Debug|Any CPU
		{E630449C-D008-4184-9981-46FE8B93380E}.Release|Any CPU.ActiveCfg = Release|Any CPU
		{E630449C-D008-4184-9981-46FE8B93380E}.Release|Any CPU.Build.0 = Release|Any CPU
		{215A410C-A15A-4D93-9EB1-8473FC8CCB22}.Debug|Any CPU.ActiveCfg = Debug|Any CPU
		{215A410C-A15A-4D93-9EB1-8473FC8CCB22}.Debug|Any CPU.Build.0 = Debug|Any CPU
		{215A410C-A15A-4D93-9EB1-8473FC8CCB22}.Release|Any CPU.ActiveCfg = Release|Any CPU
		{215A410C-A15A-4D93-9EB1-8473FC8CCB22}.Release|Any CPU.Build.0 = Release|Any CPU
		{07A1921B-7DF8-4D95-9379-4721B6E55669}.Debug|Any CPU.ActiveCfg = Debug|Any CPU
		{07A1921B-7DF8-4D95-9379-4721B6E55669}.Debug|Any CPU.Build.0 = Debug|Any CPU
		{07A1921B-7DF8-4D95-9379-4721B6E55669}.Release|Any CPU.ActiveCfg = Release|Any CPU
		{07A1921B-7DF8-4D95-9379-4721B6E55669}.Release|Any CPU.Build.0 = Release|Any CPU
		{2AD75DE4-FF3E-4A0E-9F93-6327C35357B0}.Debug|Any CPU.ActiveCfg = Debug|Any CPU
		{2AD75DE4-FF3E-4A0E-9F93-6327C35357B0}.Debug|Any CPU.Build.0 = Debug|Any CPU
		{2AD75DE4-FF3E-4A0E-9F93-6327C35357B0}.Release|Any CPU.ActiveCfg = Release|Any CPU
		{2AD75DE4-FF3E-4A0E-9F93-6327C35357B0}.Release|Any CPU.Build.0 = Release|Any CPU
		{8B675231-8AD0-4F13-B649-A27C761C89AC}.Debug|Any CPU.ActiveCfg = Debug|Any CPU
		{8B675231-8AD0-4F13-B649-A27C761C89AC}.Debug|Any CPU.Build.0 = Debug|Any CPU
		{8B675231-8AD0-4F13-B649-A27C761C89AC}.Release|Any CPU.ActiveCfg = Release|Any CPU
		{8B675231-8AD0-4F13-B649-A27C761C89AC}.Release|Any CPU.Build.0 = Release|Any CPU
		{A219C64F-56C8-4A4D-BC40-58434B1BA8F2}.Debug|Any CPU.ActiveCfg = Debug|Any CPU
		{A219C64F-56C8-4A4D-BC40-58434B1BA8F2}.Debug|Any CPU.Build.0 = Debug|Any CPU
		{A219C64F-56C8-4A4D-BC40-58434B1BA8F2}.Release|Any CPU.ActiveCfg = Release|Any CPU
		{A219C64F-56C8-4A4D-BC40-58434B1BA8F2}.Release|Any CPU.Build.0 = Release|Any CPU
		{462AEDB6-757D-46C5-A6D8-79826A311866}.Debug|Any CPU.ActiveCfg = Debug|Any CPU
		{462AEDB6-757D-46C5-A6D8-79826A311866}.Debug|Any CPU.Build.0 = Debug|Any CPU
		{462AEDB6-757D-46C5-A6D8-79826A311866}.Release|Any CPU.ActiveCfg = Release|Any CPU
		{462AEDB6-757D-46C5-A6D8-79826A311866}.Release|Any CPU.Build.0 = Release|Any CPU
		{0A0A7E30-E249-4778-AAB8-1DA96CAEFD71}.Debug|Any CPU.ActiveCfg = Debug|Any CPU
		{0A0A7E30-E249-4778-AAB8-1DA96CAEFD71}.Debug|Any CPU.Build.0 = Debug|Any CPU
		{0A0A7E30-E249-4778-AAB8-1DA96CAEFD71}.Release|Any CPU.ActiveCfg = Release|Any CPU
		{0A0A7E30-E249-4778-AAB8-1DA96CAEFD71}.Release|Any CPU.Build.0 = Release|Any CPU
		{D3B4D38E-95D7-4D1F-B07A-3EE9A86FD3A7}.Debug|Any CPU.ActiveCfg = Debug|Any CPU
		{D3B4D38E-95D7-4D1F-B07A-3EE9A86FD3A7}.Debug|Any CPU.Build.0 = Debug|Any CPU
		{D3B4D38E-95D7-4D1F-B07A-3EE9A86FD3A7}.Release|Any CPU.ActiveCfg = Release|Any CPU
		{D3B4D38E-95D7-4D1F-B07A-3EE9A86FD3A7}.Release|Any CPU.Build.0 = Release|Any CPU
		{65E203EA-6359-4991-B485-1197B503B8DF}.Debug|Any CPU.ActiveCfg = Debug|Any CPU
		{65E203EA-6359-4991-B485-1197B503B8DF}.Debug|Any CPU.Build.0 = Debug|Any CPU
		{65E203EA-6359-4991-B485-1197B503B8DF}.Release|Any CPU.ActiveCfg = Release|Any CPU
		{65E203EA-6359-4991-B485-1197B503B8DF}.Release|Any CPU.Build.0 = Release|Any CPU
		{2478750A-41D6-48EE-8A42-90B12A26612F}.Debug|Any CPU.ActiveCfg = Debug|Any CPU
		{2478750A-41D6-48EE-8A42-90B12A26612F}.Debug|Any CPU.Build.0 = Debug|Any CPU
		{2478750A-41D6-48EE-8A42-90B12A26612F}.Release|Any CPU.ActiveCfg = Release|Any CPU
		{2478750A-41D6-48EE-8A42-90B12A26612F}.Release|Any CPU.Build.0 = Release|Any CPU
	EndGlobalSection
	GlobalSection(NestedProjects) = preSolution
		{FAC6F7E4-4C02-4388-BAD9-91B3D7ECFAD1} = {F2800B3D-A01D-4716-94DB-C6DC19630B58}
		{CD228734-1006-4BD5-B3A2-5C71D7529696} = {F2800B3D-A01D-4716-94DB-C6DC19630B58}
		{83C638DC-6D7D-4BD9-9473-D81F1FD58F33} = {F2800B3D-A01D-4716-94DB-C6DC19630B58}
		{2B07E724-936E-4F01-BA8B-B2036244CCE8} = {DB294E01-4DB0-416B-81F2-E31ABEE010F9}
		{9D01E18D-A8E3-4B45-99FD-49A17FC5B7F6} = {DB294E01-4DB0-416B-81F2-E31ABEE010F9}
		{2E5CEC39-AEC3-4D55-9105-93C9B0E24C94} = {A2DB5C8F-AA26-473E-B130-853C060FDD7E}
		{E630449C-D008-4184-9981-46FE8B93380E} = {A2DB5C8F-AA26-473E-B130-853C060FDD7E}
		{89C0F256-EDD2-4A07-A67F-6505FB0B09D5} = {A2DB5C8F-AA26-473E-B130-853C060FDD7E}
		{ABD444D8-D357-4FA6-98D6-7EC52E31F51D} = {C3E9B770-AAC0-4967-9F34-0FE7BC9D767D}
		{013D3076-B19F-4637-BC36-39CACD141755} = {C3E9B770-AAC0-4967-9F34-0FE7BC9D767D}
		{215A410C-A15A-4D93-9EB1-8473FC8CCB22} = {A2DB5C8F-AA26-473E-B130-853C060FDD7E}
		{07A1921B-7DF8-4D95-9379-4721B6E55669} = {C3E9B770-AAC0-4967-9F34-0FE7BC9D767D}
		{2AD75DE4-FF3E-4A0E-9F93-6327C35357B0} = {F2800B3D-A01D-4716-94DB-C6DC19630B58}
		{8B675231-8AD0-4F13-B649-A27C761C89AC} = {E5CA08D7-9C64-496B-B9C9-F38A40398791}
		{A219C64F-56C8-4A4D-BC40-58434B1BA8F2} = {E5CA08D7-9C64-496B-B9C9-F38A40398791}
		{462AEDB6-757D-46C5-A6D8-79826A311866} = {C3E9B770-AAC0-4967-9F34-0FE7BC9D767D}
		{0A0A7E30-E249-4778-AAB8-1DA96CAEFD71} = {E5CA08D7-9C64-496B-B9C9-F38A40398791}
		{D3B4D38E-95D7-4D1F-B07A-3EE9A86FD3A7} = {E5CA08D7-9C64-496B-B9C9-F38A40398791}
		{65E203EA-6359-4991-B485-1197B503B8DF} = {E5CA08D7-9C64-496B-B9C9-F38A40398791}
		{2478750A-41D6-48EE-8A42-90B12A26612F} = {E5CA08D7-9C64-496B-B9C9-F38A40398791}
	EndGlobalSection
EndGlobal
Global
				DefaultTargets = Build
EndGlobal
Section
